// !$*UTF8*$!
{
	archiveVersion = 1;
	classes = {
	};
	objectVersion = 46;
	objects = {

/* Begin PBXBuildFile section */
		5A05E9FC1E0AE93400DC2A1C /* Readyable.swift in Sources */ = {isa = PBXBuildFile; fileRef = 5A05E9FB1E0AE93400DC2A1C /* Readyable.swift */; };
		5A05E9FF1E0AF1AE00DC2A1C /* RandomExecutionStrategy.swift in Sources */ = {isa = PBXBuildFile; fileRef = 5A05E9FE1E0AF1AE00DC2A1C /* RandomExecutionStrategy.swift */; };
		5A05EA011E0AF86400DC2A1C /* EmptyTargetStrategy.swift in Sources */ = {isa = PBXBuildFile; fileRef = 5A05EA001E0AF86400DC2A1C /* EmptyTargetStrategy.swift */; };
		5A05EA051E0B092600DC2A1C /* Vulnerability.swift in Sources */ = {isa = PBXBuildFile; fileRef = 5A05EA041E0B092600DC2A1C /* Vulnerability.swift */; };
		5A05EA071E0B09C600DC2A1C /* VulnerabilityTests.swift in Sources */ = {isa = PBXBuildFile; fileRef = 5A05EA061E0B09C600DC2A1C /* VulnerabilityTests.swift */; };
		5A05EA0A1E0B0F8E00DC2A1C /* Project Goals in Resources */ = {isa = PBXBuildFile; fileRef = 5A05EA091E0B0F8E00DC2A1C /* Project Goals */; };
		5A05EA0F1E0B120900DC2A1C /* DamageBarTests.swift in Sources */ = {isa = PBXBuildFile; fileRef = 5A05EA0E1E0B120900DC2A1C /* DamageBarTests.swift */; };
		5A05EA111E0B13EA00DC2A1C /* Bar.swift in Sources */ = {isa = PBXBuildFile; fileRef = 5A05EA101E0B13EA00DC2A1C /* Bar.swift */; };
		5A05EA161E0B1F0100DC2A1C /* Randomizer.swift in Sources */ = {isa = PBXBuildFile; fileRef = 5A05EA151E0B1F0100DC2A1C /* Randomizer.swift */; };
		5A05EA181E0B1F3D00DC2A1C /* RandomizerTests.swift in Sources */ = {isa = PBXBuildFile; fileRef = 5A05EA171E0B1F3D00DC2A1C /* RandomizerTests.swift */; };
		5A05EA1A1E0B20F100DC2A1C /* RandomExecutionStrategyTests.swift in Sources */ = {isa = PBXBuildFile; fileRef = 5A05EA191E0B20F100DC2A1C /* RandomExecutionStrategyTests.swift */; };
		5A0CE68D1E1D72300046C809 /* CombatFactory.swift in Sources */ = {isa = PBXBuildFile; fileRef = 5A0CE68C1E1D72300046C809 /* CombatFactory.swift */; };
		5A0CE68F1E1D724C0046C809 /* CombatFactoryTests.swift in Sources */ = {isa = PBXBuildFile; fileRef = 5A0CE68E1E1D724C0046C809 /* CombatFactoryTests.swift */; };
		5A0CE6911E1D75390046C809 /* CombatType.swift in Sources */ = {isa = PBXBuildFile; fileRef = 5A0CE6901E1D75390046C809 /* CombatType.swift */; };
		5A0CE6931E1D7E120046C809 /* RandomTargetStrategy.swift in Sources */ = {isa = PBXBuildFile; fileRef = 5A0CE6921E1D7E120046C809 /* RandomTargetStrategy.swift */; };
		5A0CE6951E1D80430046C809 /* CombatModel.swift in Sources */ = {isa = PBXBuildFile; fileRef = 5A0CE6941E1D80430046C809 /* CombatModel.swift */; };
		5A0CE6971E1DBE2F0046C809 /* CombatSystemTests.swift in Sources */ = {isa = PBXBuildFile; fileRef = 5A0CE6961E1DBE2F0046C809 /* CombatSystemTests.swift */; };
		5A0CE69A1E1ED0DD0046C809 /* CreatureCell.swift in Sources */ = {isa = PBXBuildFile; fileRef = 5A0CE6991E1ED0DD0046C809 /* CreatureCell.swift */; };
		5A0CE69D1E2563610046C809 /* Delayer.swift in Sources */ = {isa = PBXBuildFile; fileRef = 5A0CE69C1E2563610046C809 /* Delayer.swift */; };
		5A0CE69F1E2563BE0046C809 /* DelayTimer.swift in Sources */ = {isa = PBXBuildFile; fileRef = 5A0CE69E1E2563BE0046C809 /* DelayTimer.swift */; };
		5A0CE6A11E2568030046C809 /* DelayTimerTests.swift in Sources */ = {isa = PBXBuildFile; fileRef = 5A0CE6A01E2568030046C809 /* DelayTimerTests.swift */; };
		5A0CE6A31E256C5C0046C809 /* SquadModel.swift in Sources */ = {isa = PBXBuildFile; fileRef = 5A0CE6A21E256C5C0046C809 /* SquadModel.swift */; };
		5A0CE6A51E256C650046C809 /* CreatureModel.swift in Sources */ = {isa = PBXBuildFile; fileRef = 5A0CE6A41E256C650046C809 /* CreatureModel.swift */; };
		5A0CE6B11E3279950046C809 /* CreatureFactory.swift in Sources */ = {isa = PBXBuildFile; fileRef = 5A0CE6B01E3279950046C809 /* CreatureFactory.swift */; };
		5A0CE6B31E3279B30046C809 /* CreatureFactoryTests.swift in Sources */ = {isa = PBXBuildFile; fileRef = 5A0CE6B21E3279B30046C809 /* CreatureFactoryTests.swift */; };
		5A65D26F1E3C0EAC001E0201 /* BarVisualizer.swift in Sources */ = {isa = PBXBuildFile; fileRef = 5A65D26E1E3C0EAC001E0201 /* BarVisualizer.swift */; };
		5A8AC2FB1E04700A00BCB35B /* Ability.swift in Sources */ = {isa = PBXBuildFile; fileRef = 5A8AC2FA1E04700A00BCB35B /* Ability.swift */; };
		5A8AC2FD1E04703700BCB35B /* TargetStrategy.swift in Sources */ = {isa = PBXBuildFile; fileRef = 5A8AC2FC1E04703700BCB35B /* TargetStrategy.swift */; };
		5A8AC3031E049B6100BCB35B /* ExecutionStrategy.swift in Sources */ = {isa = PBXBuildFile; fileRef = 5A8AC3021E049B6100BCB35B /* ExecutionStrategy.swift */; };
		5A8AC3051E04A39B00BCB35B /* Weapon.swift in Sources */ = {isa = PBXBuildFile; fileRef = 5A8AC3041E04A39B00BCB35B /* Weapon.swift */; };
		5A8AC3071E04A85000BCB35B /* Resource.swift in Sources */ = {isa = PBXBuildFile; fileRef = 5A8AC3061E04A85000BCB35B /* Resource.swift */; };
		5A8AC3091E04A8A800BCB35B /* BasicResourceTests.swift in Sources */ = {isa = PBXBuildFile; fileRef = 5A8AC3081E04A8A800BCB35B /* BasicResourceTests.swift */; };
		5A8AC30B1E04A91200BCB35B /* BasicResource.swift in Sources */ = {isa = PBXBuildFile; fileRef = 5A8AC30A1E04A91200BCB35B /* BasicResource.swift */; };
		5A8AC30D1E04AA2600BCB35B /* FreeResource.swift in Sources */ = {isa = PBXBuildFile; fileRef = 5A8AC30C1E04AA2600BCB35B /* FreeResource.swift */; };
		5A8AC30F1E04AA4200BCB35B /* FreeResourceTests.swift in Sources */ = {isa = PBXBuildFile; fileRef = 5A8AC30E1E04AA4200BCB35B /* FreeResourceTests.swift */; };
		5A8AC3141E04AD1500BCB35B /* BatteryResource.swift in Sources */ = {isa = PBXBuildFile; fileRef = 5A8AC3131E04AD1500BCB35B /* BatteryResource.swift */; };
		5A8AC3161E04AD4300BCB35B /* BatteryTests.swift in Sources */ = {isa = PBXBuildFile; fileRef = 5A8AC3151E04AD4300BCB35B /* BatteryTests.swift */; };
		5A8AC3181E04AED000BCB35B /* WeaponTests.swift in Sources */ = {isa = PBXBuildFile; fileRef = 5A8AC3171E04AED000BCB35B /* WeaponTests.swift */; };
		5AEF49F61DF8C8B000AD3DF1 /* AppDelegate.swift in Sources */ = {isa = PBXBuildFile; fileRef = 5AEF49F51DF8C8B000AD3DF1 /* AppDelegate.swift */; };
		5AEF49F81DF8C8B000AD3DF1 /* CombatController.swift in Sources */ = {isa = PBXBuildFile; fileRef = 5AEF49F71DF8C8B000AD3DF1 /* CombatController.swift */; };
		5AEF49FE1DF8C8B000AD3DF1 /* Dropship.xcdatamodeld in Sources */ = {isa = PBXBuildFile; fileRef = 5AEF49FC1DF8C8B000AD3DF1 /* Dropship.xcdatamodeld */; };
		5AEF4A001DF8C8B000AD3DF1 /* Assets.xcassets in Resources */ = {isa = PBXBuildFile; fileRef = 5AEF49FF1DF8C8B000AD3DF1 /* Assets.xcassets */; };
		5AEF4A031DF8C8B000AD3DF1 /* LaunchScreen.storyboard in Resources */ = {isa = PBXBuildFile; fileRef = 5AEF4A011DF8C8B000AD3DF1 /* LaunchScreen.storyboard */; };
		5AEF4A0E1DF8C8B000AD3DF1 /* CreatureTests.swift in Sources */ = {isa = PBXBuildFile; fileRef = 5AEF4A0D1DF8C8B000AD3DF1 /* CreatureTests.swift */; };
		5AEF4A1C1DF8C94000AD3DF1 /* Creature.swift in Sources */ = {isa = PBXBuildFile; fileRef = 5AEF4A1B1DF8C94000AD3DF1 /* Creature.swift */; };
		5AEF4A1F1DF8C95500AD3DF1 /* Damageable.swift in Sources */ = {isa = PBXBuildFile; fileRef = 5AEF4A1E1DF8C95500AD3DF1 /* Damageable.swift */; };
		5AEF4A231DF8C98C00AD3DF1 /* Activatable.swift in Sources */ = {isa = PBXBuildFile; fileRef = 5AEF4A221DF8C98C00AD3DF1 /* Activatable.swift */; };
		5AEF4A271DF8C9C000AD3DF1 /* Shields.swift in Sources */ = {isa = PBXBuildFile; fileRef = 5AEF4A261DF8C9C000AD3DF1 /* Shields.swift */; };
		5AEF4A291DF8C9D100AD3DF1 /* DamageBar.swift in Sources */ = {isa = PBXBuildFile; fileRef = 5AEF4A281DF8C9D100AD3DF1 /* DamageBar.swift */; };
		5AEF4A2B1DF8D14E00AD3DF1 /* Damage.swift in Sources */ = {isa = PBXBuildFile; fileRef = 5AEF4A2A1DF8D14E00AD3DF1 /* Damage.swift */; };
		5AEF4A2E1DF8D18300AD3DF1 /* DamageType.swift in Sources */ = {isa = PBXBuildFile; fileRef = 5AEF4A2D1DF8D18300AD3DF1 /* DamageType.swift */; };
		96026ECA1DFF94E300535785 /* ShieldTests.swift in Sources */ = {isa = PBXBuildFile; fileRef = 96026EC91DFF94E300535785 /* ShieldTests.swift */; };
		96026ECC1DFF968A00535785 /* Armor.swift in Sources */ = {isa = PBXBuildFile; fileRef = 96026ECB1DFF968A00535785 /* Armor.swift */; };
		96026ECE1DFF96D900535785 /* ArmorTests.swift in Sources */ = {isa = PBXBuildFile; fileRef = 96026ECD1DFF96D900535785 /* ArmorTests.swift */; };
		96026ED01DFF9C9E00535785 /* Squad.swift in Sources */ = {isa = PBXBuildFile; fileRef = 96026ECF1DFF9C9E00535785 /* Squad.swift */; };
		96026ED21DFF9CAC00535785 /* SquadTests.swift in Sources */ = {isa = PBXBuildFile; fileRef = 96026ED11DFF9CAC00535785 /* SquadTests.swift */; };
		96026ED41DFFB14700535785 /* Initiative.swift in Sources */ = {isa = PBXBuildFile; fileRef = 96026ED31DFFB14700535785 /* Initiative.swift */; };
		96026ED61DFFB15E00535785 /* InitiativeTests.swift in Sources */ = {isa = PBXBuildFile; fileRef = 96026ED51DFFB15D00535785 /* InitiativeTests.swift */; };
		96AD74311E0DD44E0038AC62 /* Relationship.swift in Sources */ = {isa = PBXBuildFile; fileRef = 96AD74301E0DD44E0038AC62 /* Relationship.swift */; };
		96AD74331E0DDF7D0038AC62 /* RandomTargetStrategyTests.swift in Sources */ = {isa = PBXBuildFile; fileRef = 96AD74321E0DDF7D0038AC62 /* RandomTargetStrategyTests.swift */; };
		96AD74381E0DF77C0038AC62 /* Weapons.json in Resources */ = {isa = PBXBuildFile; fileRef = 96AD74371E0DF77C0038AC62 /* Weapons.json */; };
		96AD743F1E0DFC990038AC62 /* Creatures.json in Resources */ = {isa = PBXBuildFile; fileRef = 96AD743E1E0DFC990038AC62 /* Creatures.json */; };
		96AD74411E0DFDB50038AC62 /* WeaponFactory.swift in Sources */ = {isa = PBXBuildFile; fileRef = 96AD74401E0DFDB50038AC62 /* WeaponFactory.swift */; };
		96AD74431E0E01600038AC62 /* WeaponFactoryTests.swift in Sources */ = {isa = PBXBuildFile; fileRef = 96AD74421E0E01600038AC62 /* WeaponFactoryTests.swift */; };
/* End PBXBuildFile section */

/* Begin PBXContainerItemProxy section */
		5AEF4A0A1DF8C8B000AD3DF1 /* PBXContainerItemProxy */ = {
			isa = PBXContainerItemProxy;
			containerPortal = 5AEF49EA1DF8C8B000AD3DF1 /* Project object */;
			proxyType = 1;
			remoteGlobalIDString = 5AEF49F11DF8C8B000AD3DF1;
			remoteInfo = Dropship;
		};
/* End PBXContainerItemProxy section */

/* Begin PBXFileReference section */
		5A05E9FB1E0AE93400DC2A1C /* Readyable.swift */ = {isa = PBXFileReference; fileEncoding = 4; lastKnownFileType = sourcecode.swift; path = Readyable.swift; sourceTree = "<group>"; };
		5A05E9FE1E0AF1AE00DC2A1C /* RandomExecutionStrategy.swift */ = {isa = PBXFileReference; fileEncoding = 4; lastKnownFileType = sourcecode.swift; path = RandomExecutionStrategy.swift; sourceTree = "<group>"; };
		5A05EA001E0AF86400DC2A1C /* EmptyTargetStrategy.swift */ = {isa = PBXFileReference; fileEncoding = 4; lastKnownFileType = sourcecode.swift; path = EmptyTargetStrategy.swift; sourceTree = "<group>"; };
		5A05EA041E0B092600DC2A1C /* Vulnerability.swift */ = {isa = PBXFileReference; fileEncoding = 4; lastKnownFileType = sourcecode.swift; path = Vulnerability.swift; sourceTree = "<group>"; };
		5A05EA061E0B09C600DC2A1C /* VulnerabilityTests.swift */ = {isa = PBXFileReference; fileEncoding = 4; lastKnownFileType = sourcecode.swift; path = VulnerabilityTests.swift; sourceTree = "<group>"; };
		5A05EA091E0B0F8E00DC2A1C /* Project Goals */ = {isa = PBXFileReference; fileEncoding = 4; lastKnownFileType = text; path = "Project Goals"; sourceTree = "<group>"; };
		5A05EA0E1E0B120900DC2A1C /* DamageBarTests.swift */ = {isa = PBXFileReference; fileEncoding = 4; lastKnownFileType = sourcecode.swift; path = DamageBarTests.swift; sourceTree = "<group>"; };
		5A05EA101E0B13EA00DC2A1C /* Bar.swift */ = {isa = PBXFileReference; fileEncoding = 4; lastKnownFileType = sourcecode.swift; path = Bar.swift; sourceTree = "<group>"; };
		5A05EA151E0B1F0100DC2A1C /* Randomizer.swift */ = {isa = PBXFileReference; fileEncoding = 4; lastKnownFileType = sourcecode.swift; path = Randomizer.swift; sourceTree = "<group>"; };
		5A05EA171E0B1F3D00DC2A1C /* RandomizerTests.swift */ = {isa = PBXFileReference; fileEncoding = 4; lastKnownFileType = sourcecode.swift; path = RandomizerTests.swift; sourceTree = "<group>"; };
		5A05EA191E0B20F100DC2A1C /* RandomExecutionStrategyTests.swift */ = {isa = PBXFileReference; fileEncoding = 4; lastKnownFileType = sourcecode.swift; path = RandomExecutionStrategyTests.swift; sourceTree = "<group>"; };
		5A0CE68C1E1D72300046C809 /* CombatFactory.swift */ = {isa = PBXFileReference; fileEncoding = 4; lastKnownFileType = sourcecode.swift; path = CombatFactory.swift; sourceTree = "<group>"; };
		5A0CE68E1E1D724C0046C809 /* CombatFactoryTests.swift */ = {isa = PBXFileReference; fileEncoding = 4; lastKnownFileType = sourcecode.swift; path = CombatFactoryTests.swift; sourceTree = "<group>"; };
		5A0CE6901E1D75390046C809 /* CombatType.swift */ = {isa = PBXFileReference; fileEncoding = 4; lastKnownFileType = sourcecode.swift; path = CombatType.swift; sourceTree = "<group>"; };
		5A0CE6921E1D7E120046C809 /* RandomTargetStrategy.swift */ = {isa = PBXFileReference; fileEncoding = 4; lastKnownFileType = sourcecode.swift; path = RandomTargetStrategy.swift; sourceTree = "<group>"; };
		5A0CE6941E1D80430046C809 /* CombatModel.swift */ = {isa = PBXFileReference; fileEncoding = 4; lastKnownFileType = sourcecode.swift; path = CombatModel.swift; sourceTree = "<group>"; };
		5A0CE6961E1DBE2F0046C809 /* CombatSystemTests.swift */ = {isa = PBXFileReference; fileEncoding = 4; lastKnownFileType = sourcecode.swift; path = CombatSystemTests.swift; sourceTree = "<group>"; };
		5A0CE6991E1ED0DD0046C809 /* CreatureCell.swift */ = {isa = PBXFileReference; fileEncoding = 4; lastKnownFileType = sourcecode.swift; path = CreatureCell.swift; sourceTree = "<group>"; };
		5A0CE69C1E2563610046C809 /* Delayer.swift */ = {isa = PBXFileReference; fileEncoding = 4; lastKnownFileType = sourcecode.swift; path = Delayer.swift; sourceTree = "<group>"; };
		5A0CE69E1E2563BE0046C809 /* DelayTimer.swift */ = {isa = PBXFileReference; fileEncoding = 4; lastKnownFileType = sourcecode.swift; path = DelayTimer.swift; sourceTree = "<group>"; };
		5A0CE6A01E2568030046C809 /* DelayTimerTests.swift */ = {isa = PBXFileReference; fileEncoding = 4; lastKnownFileType = sourcecode.swift; path = DelayTimerTests.swift; sourceTree = "<group>"; };
		5A0CE6A21E256C5C0046C809 /* SquadModel.swift */ = {isa = PBXFileReference; fileEncoding = 4; lastKnownFileType = sourcecode.swift; path = SquadModel.swift; sourceTree = "<group>"; };
		5A0CE6A41E256C650046C809 /* CreatureModel.swift */ = {isa = PBXFileReference; fileEncoding = 4; lastKnownFileType = sourcecode.swift; path = CreatureModel.swift; sourceTree = "<group>"; };
		5A0CE6B01E3279950046C809 /* CreatureFactory.swift */ = {isa = PBXFileReference; fileEncoding = 4; lastKnownFileType = sourcecode.swift; path = CreatureFactory.swift; sourceTree = "<group>"; };
		5A0CE6B21E3279B30046C809 /* CreatureFactoryTests.swift */ = {isa = PBXFileReference; fileEncoding = 4; lastKnownFileType = sourcecode.swift; path = CreatureFactoryTests.swift; sourceTree = "<group>"; };
		5A65D26E1E3C0EAC001E0201 /* BarVisualizer.swift */ = {isa = PBXFileReference; fileEncoding = 4; lastKnownFileType = sourcecode.swift; path = BarVisualizer.swift; sourceTree = "<group>"; };
		5A8AC2FA1E04700A00BCB35B /* Ability.swift */ = {isa = PBXFileReference; fileEncoding = 4; lastKnownFileType = sourcecode.swift; path = Ability.swift; sourceTree = "<group>"; };
		5A8AC2FC1E04703700BCB35B /* TargetStrategy.swift */ = {isa = PBXFileReference; fileEncoding = 4; lastKnownFileType = sourcecode.swift; path = TargetStrategy.swift; sourceTree = "<group>"; };
		5A8AC3021E049B6100BCB35B /* ExecutionStrategy.swift */ = {isa = PBXFileReference; fileEncoding = 4; lastKnownFileType = sourcecode.swift; path = ExecutionStrategy.swift; sourceTree = "<group>"; };
		5A8AC3041E04A39B00BCB35B /* Weapon.swift */ = {isa = PBXFileReference; fileEncoding = 4; lastKnownFileType = sourcecode.swift; path = Weapon.swift; sourceTree = "<group>"; };
		5A8AC3061E04A85000BCB35B /* Resource.swift */ = {isa = PBXFileReference; fileEncoding = 4; lastKnownFileType = sourcecode.swift; path = Resource.swift; sourceTree = "<group>"; };
		5A8AC3081E04A8A800BCB35B /* BasicResourceTests.swift */ = {isa = PBXFileReference; fileEncoding = 4; lastKnownFileType = sourcecode.swift; path = BasicResourceTests.swift; sourceTree = "<group>"; };
		5A8AC30A1E04A91200BCB35B /* BasicResource.swift */ = {isa = PBXFileReference; fileEncoding = 4; lastKnownFileType = sourcecode.swift; path = BasicResource.swift; sourceTree = "<group>"; };
		5A8AC30C1E04AA2600BCB35B /* FreeResource.swift */ = {isa = PBXFileReference; fileEncoding = 4; lastKnownFileType = sourcecode.swift; path = FreeResource.swift; sourceTree = "<group>"; };
		5A8AC30E1E04AA4200BCB35B /* FreeResourceTests.swift */ = {isa = PBXFileReference; fileEncoding = 4; lastKnownFileType = sourcecode.swift; path = FreeResourceTests.swift; sourceTree = "<group>"; };
		5A8AC3131E04AD1500BCB35B /* BatteryResource.swift */ = {isa = PBXFileReference; fileEncoding = 4; lastKnownFileType = sourcecode.swift; path = BatteryResource.swift; sourceTree = "<group>"; };
		5A8AC3151E04AD4300BCB35B /* BatteryTests.swift */ = {isa = PBXFileReference; fileEncoding = 4; lastKnownFileType = sourcecode.swift; path = BatteryTests.swift; sourceTree = "<group>"; };
		5A8AC3171E04AED000BCB35B /* WeaponTests.swift */ = {isa = PBXFileReference; fileEncoding = 4; lastKnownFileType = sourcecode.swift; path = WeaponTests.swift; sourceTree = "<group>"; };
		5AEF49F21DF8C8B000AD3DF1 /* Dropship.app */ = {isa = PBXFileReference; explicitFileType = wrapper.application; includeInIndex = 0; path = Dropship.app; sourceTree = BUILT_PRODUCTS_DIR; };
		5AEF49F51DF8C8B000AD3DF1 /* AppDelegate.swift */ = {isa = PBXFileReference; lastKnownFileType = sourcecode.swift; path = AppDelegate.swift; sourceTree = "<group>"; };
		5AEF49F71DF8C8B000AD3DF1 /* CombatController.swift */ = {isa = PBXFileReference; lastKnownFileType = sourcecode.swift; path = CombatController.swift; sourceTree = "<group>"; };
		5AEF49FD1DF8C8B000AD3DF1 /* Dropship.xcdatamodel */ = {isa = PBXFileReference; lastKnownFileType = wrapper.xcdatamodel; path = Dropship.xcdatamodel; sourceTree = "<group>"; };
		5AEF49FF1DF8C8B000AD3DF1 /* Assets.xcassets */ = {isa = PBXFileReference; lastKnownFileType = folder.assetcatalog; path = Assets.xcassets; sourceTree = "<group>"; };
		5AEF4A021DF8C8B000AD3DF1 /* Base */ = {isa = PBXFileReference; lastKnownFileType = file.storyboard; name = Base; path = Base.lproj/LaunchScreen.storyboard; sourceTree = "<group>"; };
		5AEF4A041DF8C8B000AD3DF1 /* Info.plist */ = {isa = PBXFileReference; lastKnownFileType = text.plist.xml; path = Info.plist; sourceTree = "<group>"; };
		5AEF4A091DF8C8B000AD3DF1 /* DropshipTests.xctest */ = {isa = PBXFileReference; explicitFileType = wrapper.cfbundle; includeInIndex = 0; path = DropshipTests.xctest; sourceTree = BUILT_PRODUCTS_DIR; };
		5AEF4A0D1DF8C8B000AD3DF1 /* CreatureTests.swift */ = {isa = PBXFileReference; lastKnownFileType = sourcecode.swift; path = CreatureTests.swift; sourceTree = "<group>"; };
		5AEF4A0F1DF8C8B000AD3DF1 /* Info.plist */ = {isa = PBXFileReference; lastKnownFileType = text.plist.xml; path = Info.plist; sourceTree = "<group>"; };
		5AEF4A1B1DF8C94000AD3DF1 /* Creature.swift */ = {isa = PBXFileReference; fileEncoding = 4; lastKnownFileType = sourcecode.swift; path = Creature.swift; sourceTree = "<group>"; };
		5AEF4A1E1DF8C95500AD3DF1 /* Damageable.swift */ = {isa = PBXFileReference; fileEncoding = 4; lastKnownFileType = sourcecode.swift; path = Damageable.swift; sourceTree = "<group>"; };
		5AEF4A221DF8C98C00AD3DF1 /* Activatable.swift */ = {isa = PBXFileReference; fileEncoding = 4; lastKnownFileType = sourcecode.swift; path = Activatable.swift; sourceTree = "<group>"; };
		5AEF4A261DF8C9C000AD3DF1 /* Shields.swift */ = {isa = PBXFileReference; fileEncoding = 4; lastKnownFileType = sourcecode.swift; path = Shields.swift; sourceTree = "<group>"; };
		5AEF4A281DF8C9D100AD3DF1 /* DamageBar.swift */ = {isa = PBXFileReference; fileEncoding = 4; lastKnownFileType = sourcecode.swift; path = DamageBar.swift; sourceTree = "<group>"; };
		5AEF4A2A1DF8D14E00AD3DF1 /* Damage.swift */ = {isa = PBXFileReference; fileEncoding = 4; lastKnownFileType = sourcecode.swift; path = Damage.swift; sourceTree = "<group>"; };
		5AEF4A2D1DF8D18300AD3DF1 /* DamageType.swift */ = {isa = PBXFileReference; fileEncoding = 4; lastKnownFileType = sourcecode.swift; path = DamageType.swift; sourceTree = "<group>"; };
		96026EC91DFF94E300535785 /* ShieldTests.swift */ = {isa = PBXFileReference; fileEncoding = 4; lastKnownFileType = sourcecode.swift; path = ShieldTests.swift; sourceTree = "<group>"; };
		96026ECB1DFF968A00535785 /* Armor.swift */ = {isa = PBXFileReference; fileEncoding = 4; lastKnownFileType = sourcecode.swift; path = Armor.swift; sourceTree = "<group>"; };
		96026ECD1DFF96D900535785 /* ArmorTests.swift */ = {isa = PBXFileReference; fileEncoding = 4; lastKnownFileType = sourcecode.swift; path = ArmorTests.swift; sourceTree = "<group>"; };
		96026ECF1DFF9C9E00535785 /* Squad.swift */ = {isa = PBXFileReference; fileEncoding = 4; lastKnownFileType = sourcecode.swift; path = Squad.swift; sourceTree = "<group>"; };
		96026ED11DFF9CAC00535785 /* SquadTests.swift */ = {isa = PBXFileReference; fileEncoding = 4; lastKnownFileType = sourcecode.swift; path = SquadTests.swift; sourceTree = "<group>"; };
		96026ED31DFFB14700535785 /* Initiative.swift */ = {isa = PBXFileReference; fileEncoding = 4; lastKnownFileType = sourcecode.swift; path = Initiative.swift; sourceTree = "<group>"; };
		96026ED51DFFB15D00535785 /* InitiativeTests.swift */ = {isa = PBXFileReference; fileEncoding = 4; lastKnownFileType = sourcecode.swift; path = InitiativeTests.swift; sourceTree = "<group>"; };
		96AD74301E0DD44E0038AC62 /* Relationship.swift */ = {isa = PBXFileReference; fileEncoding = 4; lastKnownFileType = sourcecode.swift; path = Relationship.swift; sourceTree = "<group>"; };
		96AD74321E0DDF7D0038AC62 /* RandomTargetStrategyTests.swift */ = {isa = PBXFileReference; fileEncoding = 4; lastKnownFileType = sourcecode.swift; path = RandomTargetStrategyTests.swift; sourceTree = "<group>"; };
		96AD74371E0DF77C0038AC62 /* Weapons.json */ = {isa = PBXFileReference; fileEncoding = 4; lastKnownFileType = text.json; path = Weapons.json; sourceTree = "<group>"; };
		96AD743E1E0DFC990038AC62 /* Creatures.json */ = {isa = PBXFileReference; fileEncoding = 4; lastKnownFileType = text.json; path = Creatures.json; sourceTree = "<group>"; };
		96AD74401E0DFDB50038AC62 /* WeaponFactory.swift */ = {isa = PBXFileReference; fileEncoding = 4; lastKnownFileType = sourcecode.swift; path = WeaponFactory.swift; sourceTree = "<group>"; };
		96AD74421E0E01600038AC62 /* WeaponFactoryTests.swift */ = {isa = PBXFileReference; fileEncoding = 4; lastKnownFileType = sourcecode.swift; path = WeaponFactoryTests.swift; sourceTree = "<group>"; };
/* End PBXFileReference section */

/* Begin PBXFrameworksBuildPhase section */
		5AEF49EF1DF8C8B000AD3DF1 /* Frameworks */ = {
			isa = PBXFrameworksBuildPhase;
			buildActionMask = 2147483647;
			files = (
			);
			runOnlyForDeploymentPostprocessing = 0;
		};
		5AEF4A061DF8C8B000AD3DF1 /* Frameworks */ = {
			isa = PBXFrameworksBuildPhase;
			buildActionMask = 2147483647;
			files = (
			);
			runOnlyForDeploymentPostprocessing = 0;
		};
/* End PBXFrameworksBuildPhase section */

/* Begin PBXGroup section */
		5A05E9FD1E0AF03C00DC2A1C /* Strategies */ = {
			isa = PBXGroup;
			children = (
				5A05E9FE1E0AF1AE00DC2A1C /* RandomExecutionStrategy.swift */,
				5A05EA001E0AF86400DC2A1C /* EmptyTargetStrategy.swift */,
				5A0CE6921E1D7E120046C809 /* RandomTargetStrategy.swift */,
			);
			name = Strategies;
			sourceTree = "<group>";
		};
		5A05EA081E0B0F6400DC2A1C /* Documentation */ = {
			isa = PBXGroup;
			children = (
				5A05EA091E0B0F8E00DC2A1C /* Project Goals */,
			);
			name = Documentation;
			path = Dropship;
			sourceTree = "<group>";
		};
		5A05EA0B1E0B111300DC2A1C /* Creature */ = {
			isa = PBXGroup;
			children = (
				5AEF4A1B1DF8C94000AD3DF1 /* Creature.swift */,
				5AEF4A2A1DF8D14E00AD3DF1 /* Damage.swift */,
				5AEF4A281DF8C9D100AD3DF1 /* DamageBar.swift */,
				96026ECB1DFF968A00535785 /* Armor.swift */,
				5A05EA041E0B092600DC2A1C /* Vulnerability.swift */,
				5AEF4A261DF8C9C000AD3DF1 /* Shields.swift */,
			);
			name = Creature;
			sourceTree = "<group>";
		};
		5A05EA0C1E0B112600DC2A1C /* Combat */ = {
			isa = PBXGroup;
			children = (
				96026ED31DFFB14700535785 /* Initiative.swift */,
				96026ECF1DFF9C9E00535785 /* Squad.swift */,
			);
			name = Combat;
			sourceTree = "<group>";
		};
		5A05EA0D1E0B114D00DC2A1C /* Ability */ = {
			isa = PBXGroup;
			children = (
				5A8AC3041E04A39B00BCB35B /* Weapon.swift */,
				5A8AC30A1E04A91200BCB35B /* BasicResource.swift */,
				5A8AC3131E04AD1500BCB35B /* BatteryResource.swift */,
				5A8AC30C1E04AA2600BCB35B /* FreeResource.swift */,
			);
			name = Ability;
			sourceTree = "<group>";
		};
		5A05EA141E0B1EF600DC2A1C /* Utilities */ = {
			isa = PBXGroup;
			children = (
				5A05EA151E0B1F0100DC2A1C /* Randomizer.swift */,
				5A0CE69E1E2563BE0046C809 /* DelayTimer.swift */,
			);
			name = Utilities;
			sourceTree = "<group>";
		};
		5A0CE6981E1ED0CE0046C809 /* Views */ = {
			isa = PBXGroup;
			children = (
				5A0CE6991E1ED0DD0046C809 /* CreatureCell.swift */,
				5A65D26E1E3C0EAC001E0201 /* BarVisualizer.swift */,
			);
			name = Views;
			sourceTree = "<group>";
		};
		5A0CE69B1E2018560046C809 /* ProtocolExtensions */ = {
			isa = PBXGroup;
			children = (
				5AEF4A1E1DF8C95500AD3DF1 /* Damageable.swift */,
				5A05EA101E0B13EA00DC2A1C /* Bar.swift */,
			);
			name = ProtocolExtensions;
			sourceTree = "<group>";
		};
		5AEF49E91DF8C8B000AD3DF1 = {
			isa = PBXGroup;
			children = (
				5A05EA081E0B0F6400DC2A1C /* Documentation */,
				5AEF49F41DF8C8B000AD3DF1 /* Dropship */,
				5AEF4A0C1DF8C8B000AD3DF1 /* DropshipTests */,
				5AEF49F31DF8C8B000AD3DF1 /* Products */,
			);
			sourceTree = "<group>";
		};
		5AEF49F31DF8C8B000AD3DF1 /* Products */ = {
			isa = PBXGroup;
			children = (
				5AEF49F21DF8C8B000AD3DF1 /* Dropship.app */,
				5AEF4A091DF8C8B000AD3DF1 /* DropshipTests.xctest */,
			);
			name = Products;
			sourceTree = "<group>";
		};
		5AEF49F41DF8C8B000AD3DF1 /* Dropship */ = {
			isa = PBXGroup;
			children = (
				5AEF49F51DF8C8B000AD3DF1 /* AppDelegate.swift */,
				5AEF4A181DF8C8F500AD3DF1 /* Controllers */,
				5A0CE6981E1ED0CE0046C809 /* Views */,
				5A05EA0C1E0B112600DC2A1C /* Combat */,
				5A05EA0B1E0B111300DC2A1C /* Creature */,
				5A05EA0D1E0B114D00DC2A1C /* Ability */,
				96E00B7E1E340F870062CCDC /* Factories */,
				5A05E9FD1E0AF03C00DC2A1C /* Strategies */,
				5AEF4A1D1DF8C94C00AD3DF1 /* Protocols */,
				5A0CE69B1E2018560046C809 /* ProtocolExtensions */,
				5AEF4A2C1DF8D17C00AD3DF1 /* Enums */,
				5A05EA141E0B1EF600DC2A1C /* Utilities */,
				96AD74361E0DF7640038AC62 /* JSON */,
				5AEF4A1A1DF8C91300AD3DF1 /* Support */,
			);
			path = Dropship;
			sourceTree = "<group>";
		};
		5AEF4A0C1DF8C8B000AD3DF1 /* DropshipTests */ = {
			isa = PBXGroup;
			children = (
				5A0CE6961E1DBE2F0046C809 /* CombatSystemTests.swift */,
				5A0CE6B21E3279B30046C809 /* CreatureFactoryTests.swift */,
				5A0CE68E1E1D724C0046C809 /* CombatFactoryTests.swift */,
				96026ED51DFFB15D00535785 /* InitiativeTests.swift */,
				96026ED11DFF9CAC00535785 /* SquadTests.swift */,
				5AEF4A0D1DF8C8B000AD3DF1 /* CreatureTests.swift */,
				5A05EA0E1E0B120900DC2A1C /* DamageBarTests.swift */,
				96026ECD1DFF96D900535785 /* ArmorTests.swift */,
				5A05EA061E0B09C600DC2A1C /* VulnerabilityTests.swift */,
				96026EC91DFF94E300535785 /* ShieldTests.swift */,
				5A8AC3171E04AED000BCB35B /* WeaponTests.swift */,
				5A8AC3081E04A8A800BCB35B /* BasicResourceTests.swift */,
				96AD74421E0E01600038AC62 /* WeaponFactoryTests.swift */,
				5A8AC30E1E04AA4200BCB35B /* FreeResourceTests.swift */,
				5A8AC3151E04AD4300BCB35B /* BatteryTests.swift */,
				5A05EA171E0B1F3D00DC2A1C /* RandomizerTests.swift */,
				5A05EA191E0B20F100DC2A1C /* RandomExecutionStrategyTests.swift */,
				5A0CE6A01E2568030046C809 /* DelayTimerTests.swift */,
				96AD74321E0DDF7D0038AC62 /* RandomTargetStrategyTests.swift */,
				5AEF4A0F1DF8C8B000AD3DF1 /* Info.plist */,
			);
			path = DropshipTests;
			sourceTree = "<group>";
		};
		5AEF4A181DF8C8F500AD3DF1 /* Controllers */ = {
			isa = PBXGroup;
			children = (
				5AEF49F71DF8C8B000AD3DF1 /* CombatController.swift */,
			);
			name = Controllers;
			sourceTree = "<group>";
		};
		5AEF4A1A1DF8C91300AD3DF1 /* Support */ = {
			isa = PBXGroup;
			children = (
				5AEF49FF1DF8C8B000AD3DF1 /* Assets.xcassets */,
				5AEF4A011DF8C8B000AD3DF1 /* LaunchScreen.storyboard */,
				5AEF4A041DF8C8B000AD3DF1 /* Info.plist */,
				5AEF49FC1DF8C8B000AD3DF1 /* Dropship.xcdatamodeld */,
			);
			name = Support;
			sourceTree = "<group>";
		};
		5AEF4A1D1DF8C94C00AD3DF1 /* Protocols */ = {
			isa = PBXGroup;
			children = (
				5A8AC2FA1E04700A00BCB35B /* Ability.swift */,
				5A0CE6941E1D80430046C809 /* CombatModel.swift */,
				5A0CE6A21E256C5C0046C809 /* SquadModel.swift */,
				5A0CE6A41E256C650046C809 /* CreatureModel.swift */,
				5AEF4A221DF8C98C00AD3DF1 /* Activatable.swift */,
				5A05E9FB1E0AE93400DC2A1C /* Readyable.swift */,
				5A8AC2FC1E04703700BCB35B /* TargetStrategy.swift */,
				5A8AC3061E04A85000BCB35B /* Resource.swift */,
				5A8AC3021E049B6100BCB35B /* ExecutionStrategy.swift */,
				5A0CE69C1E2563610046C809 /* Delayer.swift */,
			);
			name = Protocols;
			sourceTree = "<group>";
		};
		5AEF4A2C1DF8D17C00AD3DF1 /* Enums */ = {
			isa = PBXGroup;
			children = (
				5AEF4A2D1DF8D18300AD3DF1 /* DamageType.swift */,
				5A0CE6901E1D75390046C809 /* CombatType.swift */,
				96AD74301E0DD44E0038AC62 /* Relationship.swift */,
			);
			name = Enums;
			sourceTree = "<group>";
		};
		96AD74361E0DF7640038AC62 /* JSON */ = {
			isa = PBXGroup;
			children = (
				96AD74371E0DF77C0038AC62 /* Weapons.json */,
				96AD743E1E0DFC990038AC62 /* Creatures.json */,
			);
			name = JSON;
			sourceTree = "<group>";
		};
		96E00B7E1E340F870062CCDC /* Factories */ = {
			isa = PBXGroup;
			children = (
				5A0CE68C1E1D72300046C809 /* CombatFactory.swift */,
				96AD74401E0DFDB50038AC62 /* WeaponFactory.swift */,
				5A0CE6B01E3279950046C809 /* CreatureFactory.swift */,
			);
			name = Factories;
			sourceTree = "<group>";
		};
/* End PBXGroup section */

/* Begin PBXNativeTarget section */
		5AEF49F11DF8C8B000AD3DF1 /* Dropship */ = {
			isa = PBXNativeTarget;
			buildConfigurationList = 5AEF4A121DF8C8B000AD3DF1 /* Build configuration list for PBXNativeTarget "Dropship" */;
			buildPhases = (
				5AEF49EE1DF8C8B000AD3DF1 /* Sources */,
				5AEF49EF1DF8C8B000AD3DF1 /* Frameworks */,
				5AEF49F01DF8C8B000AD3DF1 /* Resources */,
			);
			buildRules = (
			);
			dependencies = (
			);
			name = Dropship;
			productName = Dropship;
			productReference = 5AEF49F21DF8C8B000AD3DF1 /* Dropship.app */;
			productType = "com.apple.product-type.application";
		};
		5AEF4A081DF8C8B000AD3DF1 /* DropshipTests */ = {
			isa = PBXNativeTarget;
			buildConfigurationList = 5AEF4A151DF8C8B000AD3DF1 /* Build configuration list for PBXNativeTarget "DropshipTests" */;
			buildPhases = (
				5AEF4A051DF8C8B000AD3DF1 /* Sources */,
				5AEF4A061DF8C8B000AD3DF1 /* Frameworks */,
				5AEF4A071DF8C8B000AD3DF1 /* Resources */,
			);
			buildRules = (
			);
			dependencies = (
				5AEF4A0B1DF8C8B000AD3DF1 /* PBXTargetDependency */,
			);
			name = DropshipTests;
			productName = DropshipTests;
			productReference = 5AEF4A091DF8C8B000AD3DF1 /* DropshipTests.xctest */;
			productType = "com.apple.product-type.bundle.unit-test";
		};
/* End PBXNativeTarget section */

/* Begin PBXProject section */
		5AEF49EA1DF8C8B000AD3DF1 /* Project object */ = {
			isa = PBXProject;
			attributes = {
				LastSwiftUpdateCheck = 0800;
				LastUpgradeCheck = 0800;
				ORGANIZATIONNAME = "North Forge";
				TargetAttributes = {
					5AEF49F11DF8C8B000AD3DF1 = {
						CreatedOnToolsVersion = 8.0;
						DevelopmentTeam = SAQ6ER5HN2;
						ProvisioningStyle = Automatic;
					};
					5AEF4A081DF8C8B000AD3DF1 = {
						CreatedOnToolsVersion = 8.0;
						DevelopmentTeam = SAQ6ER5HN2;
						ProvisioningStyle = Automatic;
						TestTargetID = 5AEF49F11DF8C8B000AD3DF1;
					};
				};
			};
			buildConfigurationList = 5AEF49ED1DF8C8B000AD3DF1 /* Build configuration list for PBXProject "Dropship" */;
			compatibilityVersion = "Xcode 3.2";
			developmentRegion = English;
			hasScannedForEncodings = 0;
			knownRegions = (
				en,
				Base,
			);
			mainGroup = 5AEF49E91DF8C8B000AD3DF1;
			productRefGroup = 5AEF49F31DF8C8B000AD3DF1 /* Products */;
			projectDirPath = "";
			projectRoot = "";
			targets = (
				5AEF49F11DF8C8B000AD3DF1 /* Dropship */,
				5AEF4A081DF8C8B000AD3DF1 /* DropshipTests */,
			);
		};
/* End PBXProject section */

/* Begin PBXResourcesBuildPhase section */
		5AEF49F01DF8C8B000AD3DF1 /* Resources */ = {
			isa = PBXResourcesBuildPhase;
			buildActionMask = 2147483647;
			files = (
				5AEF4A031DF8C8B000AD3DF1 /* LaunchScreen.storyboard in Resources */,
				96AD743F1E0DFC990038AC62 /* Creatures.json in Resources */,
				96AD74381E0DF77C0038AC62 /* Weapons.json in Resources */,
				5AEF4A001DF8C8B000AD3DF1 /* Assets.xcassets in Resources */,
				5A05EA0A1E0B0F8E00DC2A1C /* Project Goals in Resources */,
			);
			runOnlyForDeploymentPostprocessing = 0;
		};
		5AEF4A071DF8C8B000AD3DF1 /* Resources */ = {
			isa = PBXResourcesBuildPhase;
			buildActionMask = 2147483647;
			files = (
			);
			runOnlyForDeploymentPostprocessing = 0;
		};
/* End PBXResourcesBuildPhase section */

/* Begin PBXSourcesBuildPhase section */
		5AEF49EE1DF8C8B000AD3DF1 /* Sources */ = {
			isa = PBXSourcesBuildPhase;
			buildActionMask = 2147483647;
			files = (
				96026ED01DFF9C9E00535785 /* Squad.swift in Sources */,
				5A0CE6B11E3279950046C809 /* CreatureFactory.swift in Sources */,
				5A0CE69F1E2563BE0046C809 /* DelayTimer.swift in Sources */,
				5AEF4A2E1DF8D18300AD3DF1 /* DamageType.swift in Sources */,
				5AEF49FE1DF8C8B000AD3DF1 /* Dropship.xcdatamodeld in Sources */,
				5AEF4A231DF8C98C00AD3DF1 /* Activatable.swift in Sources */,
				5AEF4A1C1DF8C94000AD3DF1 /* Creature.swift in Sources */,
				5AEF49F81DF8C8B000AD3DF1 /* CombatController.swift in Sources */,
				5A0CE6A31E256C5C0046C809 /* SquadModel.swift in Sources */,
				5A05EA011E0AF86400DC2A1C /* EmptyTargetStrategy.swift in Sources */,
				5AEF4A291DF8C9D100AD3DF1 /* DamageBar.swift in Sources */,
				5A05EA051E0B092600DC2A1C /* Vulnerability.swift in Sources */,
				5A8AC3031E049B6100BCB35B /* ExecutionStrategy.swift in Sources */,
				5AEF4A271DF8C9C000AD3DF1 /* Shields.swift in Sources */,
				5A65D26F1E3C0EAC001E0201 /* BarVisualizer.swift in Sources */,
				5AEF49F61DF8C8B000AD3DF1 /* AppDelegate.swift in Sources */,
				5A0CE6931E1D7E120046C809 /* RandomTargetStrategy.swift in Sources */,
				5A8AC2FB1E04700A00BCB35B /* Ability.swift in Sources */,
				5AEF4A1F1DF8C95500AD3DF1 /* Damageable.swift in Sources */,
				5A0CE6951E1D80430046C809 /* CombatModel.swift in Sources */,
				5A8AC3071E04A85000BCB35B /* Resource.swift in Sources */,
				96AD74411E0DFDB50038AC62 /* WeaponFactory.swift in Sources */,
				96026ECC1DFF968A00535785 /* Armor.swift in Sources */,
				5A05EA161E0B1F0100DC2A1C /* Randomizer.swift in Sources */,
				5A05E9FC1E0AE93400DC2A1C /* Readyable.swift in Sources */,
				5A05E9FF1E0AF1AE00DC2A1C /* RandomExecutionStrategy.swift in Sources */,
				5A8AC30D1E04AA2600BCB35B /* FreeResource.swift in Sources */,
				5A0CE69D1E2563610046C809 /* Delayer.swift in Sources */,
				5A0CE69A1E1ED0DD0046C809 /* CreatureCell.swift in Sources */,
				5A05EA111E0B13EA00DC2A1C /* Bar.swift in Sources */,
				5AEF4A2B1DF8D14E00AD3DF1 /* Damage.swift in Sources */,
				5A8AC3051E04A39B00BCB35B /* Weapon.swift in Sources */,
				5A0CE68D1E1D72300046C809 /* CombatFactory.swift in Sources */,
				5A8AC3141E04AD1500BCB35B /* BatteryResource.swift in Sources */,
				96026ED41DFFB14700535785 /* Initiative.swift in Sources */,
				5A0CE6911E1D75390046C809 /* CombatType.swift in Sources */,
				5A8AC2FD1E04703700BCB35B /* TargetStrategy.swift in Sources */,
				5A0CE6A51E256C650046C809 /* CreatureModel.swift in Sources */,
				96AD74311E0DD44E0038AC62 /* Relationship.swift in Sources */,
				5A8AC30B1E04A91200BCB35B /* BasicResource.swift in Sources */,
			);
			runOnlyForDeploymentPostprocessing = 0;
		};
		5AEF4A051DF8C8B000AD3DF1 /* Sources */ = {
			isa = PBXSourcesBuildPhase;
			buildActionMask = 2147483647;
			files = (
				5A0CE6971E1DBE2F0046C809 /* CombatSystemTests.swift in Sources */,
				5A05EA071E0B09C600DC2A1C /* VulnerabilityTests.swift in Sources */,
				96026ED21DFF9CAC00535785 /* SquadTests.swift in Sources */,
				5A0CE6A11E2568030046C809 /* DelayTimerTests.swift in Sources */,
				5A05EA181E0B1F3D00DC2A1C /* RandomizerTests.swift in Sources */,
				5A8AC3091E04A8A800BCB35B /* BasicResourceTests.swift in Sources */,
				5A0CE6B31E3279B30046C809 /* CreatureFactoryTests.swift in Sources */,
				96026ECE1DFF96D900535785 /* ArmorTests.swift in Sources */,
				96026ED61DFFB15E00535785 /* InitiativeTests.swift in Sources */,
				5A0CE68F1E1D724C0046C809 /* CombatFactoryTests.swift in Sources */,
				5A05EA0F1E0B120900DC2A1C /* DamageBarTests.swift in Sources */,
				5A8AC3181E04AED000BCB35B /* WeaponTests.swift in Sources */,
				96AD74431E0E01600038AC62 /* WeaponFactoryTests.swift in Sources */,
				5A05EA1A1E0B20F100DC2A1C /* RandomExecutionStrategyTests.swift in Sources */,
				96AD74331E0DDF7D0038AC62 /* RandomTargetStrategyTests.swift in Sources */,
				96026ECA1DFF94E300535785 /* ShieldTests.swift in Sources */,
				5AEF4A0E1DF8C8B000AD3DF1 /* CreatureTests.swift in Sources */,
				5A8AC3161E04AD4300BCB35B /* BatteryTests.swift in Sources */,
				5A8AC30F1E04AA4200BCB35B /* FreeResourceTests.swift in Sources */,
			);
			runOnlyForDeploymentPostprocessing = 0;
		};
/* End PBXSourcesBuildPhase section */

/* Begin PBXTargetDependency section */
		5AEF4A0B1DF8C8B000AD3DF1 /* PBXTargetDependency */ = {
			isa = PBXTargetDependency;
			target = 5AEF49F11DF8C8B000AD3DF1 /* Dropship */;
			targetProxy = 5AEF4A0A1DF8C8B000AD3DF1 /* PBXContainerItemProxy */;
		};
/* End PBXTargetDependency section */

/* Begin PBXVariantGroup section */
		5AEF4A011DF8C8B000AD3DF1 /* LaunchScreen.storyboard */ = {
			isa = PBXVariantGroup;
			children = (
				5AEF4A021DF8C8B000AD3DF1 /* Base */,
			);
			name = LaunchScreen.storyboard;
			sourceTree = "<group>";
		};
/* End PBXVariantGroup section */

/* Begin XCBuildConfiguration section */
		5AEF4A101DF8C8B000AD3DF1 /* Debug */ = {
			isa = XCBuildConfiguration;
			buildSettings = {
				ALWAYS_SEARCH_USER_PATHS = NO;
				CLANG_ANALYZER_NONNULL = YES;
				CLANG_CXX_LANGUAGE_STANDARD = "gnu++0x";
				CLANG_CXX_LIBRARY = "libc++";
				CLANG_ENABLE_MODULES = YES;
				CLANG_ENABLE_OBJC_ARC = YES;
				CLANG_WARN_BOOL_CONVERSION = YES;
				CLANG_WARN_CONSTANT_CONVERSION = YES;
				CLANG_WARN_DIRECT_OBJC_ISA_USAGE = YES_ERROR;
				CLANG_WARN_DOCUMENTATION_COMMENTS = YES;
				CLANG_WARN_EMPTY_BODY = YES;
				CLANG_WARN_ENUM_CONVERSION = YES;
				CLANG_WARN_INFINITE_RECURSION = YES;
				CLANG_WARN_INT_CONVERSION = YES;
				CLANG_WARN_OBJC_ROOT_CLASS = YES_ERROR;
				CLANG_WARN_SUSPICIOUS_MOVES = YES;
				CLANG_WARN_UNREACHABLE_CODE = YES;
				CLANG_WARN__DUPLICATE_METHOD_MATCH = YES;
				"CODE_SIGN_IDENTITY[sdk=iphoneos*]" = "iPhone Developer";
				COPY_PHASE_STRIP = NO;
				DEBUG_INFORMATION_FORMAT = dwarf;
				ENABLE_STRICT_OBJC_MSGSEND = YES;
				ENABLE_TESTABILITY = YES;
				GCC_C_LANGUAGE_STANDARD = gnu99;
				GCC_DYNAMIC_NO_PIC = NO;
				GCC_NO_COMMON_BLOCKS = YES;
				GCC_OPTIMIZATION_LEVEL = 0;
				GCC_PREPROCESSOR_DEFINITIONS = (
					"DEBUG=1",
					"$(inherited)",
				);
				GCC_WARN_64_TO_32_BIT_CONVERSION = YES;
				GCC_WARN_ABOUT_RETURN_TYPE = YES_ERROR;
				GCC_WARN_UNDECLARED_SELECTOR = YES;
				GCC_WARN_UNINITIALIZED_AUTOS = YES_AGGRESSIVE;
				GCC_WARN_UNUSED_FUNCTION = YES;
				GCC_WARN_UNUSED_VARIABLE = YES;
				IPHONEOS_DEPLOYMENT_TARGET = 10.0;
				MTL_ENABLE_DEBUG_INFO = YES;
				ONLY_ACTIVE_ARCH = YES;
				SDKROOT = iphoneos;
				SWIFT_ACTIVE_COMPILATION_CONDITIONS = DEBUG;
				SWIFT_OPTIMIZATION_LEVEL = "-Onone";
				TARGETED_DEVICE_FAMILY = "1,2";
			};
			name = Debug;
		};
		5AEF4A111DF8C8B000AD3DF1 /* Release */ = {
			isa = XCBuildConfiguration;
			buildSettings = {
				ALWAYS_SEARCH_USER_PATHS = NO;
				CLANG_ANALYZER_NONNULL = YES;
				CLANG_CXX_LANGUAGE_STANDARD = "gnu++0x";
				CLANG_CXX_LIBRARY = "libc++";
				CLANG_ENABLE_MODULES = YES;
				CLANG_ENABLE_OBJC_ARC = YES;
				CLANG_WARN_BOOL_CONVERSION = YES;
				CLANG_WARN_CONSTANT_CONVERSION = YES;
				CLANG_WARN_DIRECT_OBJC_ISA_USAGE = YES_ERROR;
				CLANG_WARN_DOCUMENTATION_COMMENTS = YES;
				CLANG_WARN_EMPTY_BODY = YES;
				CLANG_WARN_ENUM_CONVERSION = YES;
				CLANG_WARN_INFINITE_RECURSION = YES;
				CLANG_WARN_INT_CONVERSION = YES;
				CLANG_WARN_OBJC_ROOT_CLASS = YES_ERROR;
				CLANG_WARN_SUSPICIOUS_MOVES = YES;
				CLANG_WARN_UNREACHABLE_CODE = YES;
				CLANG_WARN__DUPLICATE_METHOD_MATCH = YES;
				"CODE_SIGN_IDENTITY[sdk=iphoneos*]" = "iPhone Developer";
				COPY_PHASE_STRIP = NO;
				DEBUG_INFORMATION_FORMAT = "dwarf-with-dsym";
				ENABLE_NS_ASSERTIONS = NO;
				ENABLE_STRICT_OBJC_MSGSEND = YES;
				GCC_C_LANGUAGE_STANDARD = gnu99;
				GCC_NO_COMMON_BLOCKS = YES;
				GCC_WARN_64_TO_32_BIT_CONVERSION = YES;
				GCC_WARN_ABOUT_RETURN_TYPE = YES_ERROR;
				GCC_WARN_UNDECLARED_SELECTOR = YES;
				GCC_WARN_UNINITIALIZED_AUTOS = YES_AGGRESSIVE;
				GCC_WARN_UNUSED_FUNCTION = YES;
				GCC_WARN_UNUSED_VARIABLE = YES;
				IPHONEOS_DEPLOYMENT_TARGET = 10.0;
				MTL_ENABLE_DEBUG_INFO = NO;
				SDKROOT = iphoneos;
				SWIFT_OPTIMIZATION_LEVEL = "-Owholemodule";
				TARGETED_DEVICE_FAMILY = "1,2";
				VALIDATE_PRODUCT = YES;
			};
			name = Release;
		};
		5AEF4A131DF8C8B000AD3DF1 /* Debug */ = {
			isa = XCBuildConfiguration;
			buildSettings = {
				ASSETCATALOG_COMPILER_APPICON_NAME = AppIcon;
				DEVELOPMENT_TEAM = SAQ6ER5HN2;
				INFOPLIST_FILE = Dropship/Info.plist;
				LD_RUNPATH_SEARCH_PATHS = "$(inherited) @executable_path/Frameworks";
				PRODUCT_BUNDLE_IDENTIFIER = northforge.Dropship;
				PRODUCT_NAME = "$(TARGET_NAME)";
				SWIFT_VERSION = 3.0;
			};
			name = Debug;
		};
		5AEF4A141DF8C8B000AD3DF1 /* Release */ = {
			isa = XCBuildConfiguration;
			buildSettings = {
				ASSETCATALOG_COMPILER_APPICON_NAME = AppIcon;
				DEVELOPMENT_TEAM = SAQ6ER5HN2;
				INFOPLIST_FILE = Dropship/Info.plist;
				LD_RUNPATH_SEARCH_PATHS = "$(inherited) @executable_path/Frameworks";
				PRODUCT_BUNDLE_IDENTIFIER = northforge.Dropship;
				PRODUCT_NAME = "$(TARGET_NAME)";
				SWIFT_VERSION = 3.0;
			};
			name = Release;
		};
		5AEF4A161DF8C8B000AD3DF1 /* Debug */ = {
			isa = XCBuildConfiguration;
			buildSettings = {
				ALWAYS_EMBED_SWIFT_STANDARD_LIBRARIES = YES;
				BUNDLE_LOADER = "$(TEST_HOST)";
				DEVELOPMENT_TEAM = SAQ6ER5HN2;
				INFOPLIST_FILE = DropshipTests/Info.plist;
				LD_RUNPATH_SEARCH_PATHS = "$(inherited) @executable_path/Frameworks @loader_path/Frameworks";
				PRODUCT_BUNDLE_IDENTIFIER = northforge.DropshipTests;
				PRODUCT_NAME = "$(TARGET_NAME)";
				SWIFT_VERSION = 3.0;
				TEST_HOST = "$(BUILT_PRODUCTS_DIR)/Dropship.app/Dropship";
			};
			name = Debug;
		};
		5AEF4A171DF8C8B000AD3DF1 /* Release */ = {
			isa = XCBuildConfiguration;
			buildSettings = {
				ALWAYS_EMBED_SWIFT_STANDARD_LIBRARIES = YES;
				BUNDLE_LOADER = "$(TEST_HOST)";
				DEVELOPMENT_TEAM = SAQ6ER5HN2;
				INFOPLIST_FILE = DropshipTests/Info.plist;
				LD_RUNPATH_SEARCH_PATHS = "$(inherited) @executable_path/Frameworks @loader_path/Frameworks";
				PRODUCT_BUNDLE_IDENTIFIER = northforge.DropshipTests;
				PRODUCT_NAME = "$(TARGET_NAME)";
				SWIFT_VERSION = 3.0;
				TEST_HOST = "$(BUILT_PRODUCTS_DIR)/Dropship.app/Dropship";
			};
			name = Release;
		};
/* End XCBuildConfiguration section */

/* Begin XCConfigurationList section */
		5AEF49ED1DF8C8B000AD3DF1 /* Build configuration list for PBXProject "Dropship" */ = {
			isa = XCConfigurationList;
			buildConfigurations = (
				5AEF4A101DF8C8B000AD3DF1 /* Debug */,
				5AEF4A111DF8C8B000AD3DF1 /* Release */,
			);
			defaultConfigurationIsVisible = 0;
			defaultConfigurationName = Release;
		};
		5AEF4A121DF8C8B000AD3DF1 /* Build configuration list for PBXNativeTarget "Dropship" */ = {
			isa = XCConfigurationList;
			buildConfigurations = (
				5AEF4A131DF8C8B000AD3DF1 /* Debug */,
				5AEF4A141DF8C8B000AD3DF1 /* Release */,
			);
			defaultConfigurationIsVisible = 0;
			defaultConfigurationName = Release;
		};
		5AEF4A151DF8C8B000AD3DF1 /* Build configuration list for PBXNativeTarget "DropshipTests" */ = {
			isa = XCConfigurationList;
			buildConfigurations = (
				5AEF4A161DF8C8B000AD3DF1 /* Debug */,
				5AEF4A171DF8C8B000AD3DF1 /* Release */,
			);
			defaultConfigurationIsVisible = 0;
			defaultConfigurationName = Release;
		};
/* End XCConfigurationList section */

/* Begin XCVersionGroup section */
		5AEF49FC1DF8C8B000AD3DF1 /* Dropship.xcdatamodeld */ = {
			isa = XCVersionGroup;
			children = (
				5AEF49FD1DF8C8B000AD3DF1 /* Dropship.xcdatamodel */,
			);
			currentVersion = 5AEF49FD1DF8C8B000AD3DF1 /* Dropship.xcdatamodel */;
			path = Dropship.xcdatamodeld;
			sourceTree = "<group>";
			versionGroupType = wrapper.xcdatamodel;
		};
/* End XCVersionGroup section */
	};
	rootObject = 5AEF49EA1DF8C8B000AD3DF1 /* Project object */;
}
